
Microsoft Visual Studio Solution File, Format Version 12.00
# Visual Studio 2013
VisualStudioVersion = 12.0.30723.0
MinimumVisualStudioVersion = 10.0.40219.1
Project("{FAE04EC0-301F-11D3-BF4B-00C04F79EFBC}") = "PlasmaShaft", "PlasmaShaftCore\PlasmaShaft.csproj", "{D33B891A-6536-4EA0-A5B1-0FD4553092B7}"
EndProject
Project("{FAE04EC0-301F-11D3-BF4B-00C04F79EFBC}") = "ServerCLI", "ServerCLI\ServerCLI.csproj", "{C5593FCD-4784-4D8B-B5AF-8E1ADEACD847}"
EndProject
Project("{FAE04EC0-301F-11D3-BF4B-00C04F79EFBC}") = "ServerGUI", "ServerGUI\ServerGUI.csproj", "{870D968E-DEAB-4719-B18B-A1477CDAC196}"
EndProject
Global
	GlobalSection(SolutionConfigurationPlatforms) = preSolution
		Debug|Any CPU = Debug|Any CPU
		Release|Any CPU = Release|Any CPU
	EndGlobalSection
	GlobalSection(ProjectConfigurationPlatforms) = postSolution
		{D33B891A-6536-4EA0-A5B1-0FD4553092B7}.Debug|Any CPU.ActiveCfg = Debug|Any CPU
		{D33B891A-6536-4EA0-A5B1-0FD4553092B7}.Debug|Any CPU.Build.0 = Debug|Any CPU
		{D33B891A-6536-4EA0-A5B1-0FD4553092B7}.Release|Any CPU.ActiveCfg = Release|Any CPU
		{D33B891A-6536-4EA0-A5B1-0FD4553092B7}.Release|Any CPU.Build.0 = Release|Any CPU
		{C5593FCD-4784-4D8B-B5AF-8E1ADEACD847}.Debug|Any CPU.ActiveCfg = Debug|Any CPU
		{C5593FCD-4784-4D8B-B5AF-8E1ADEACD847}.Debug|Any CPU.Build.0 = Debug|Any CPU
		{C5593FCD-4784-4D8B-B5AF-8E1ADEACD847}.Release|Any CPU.ActiveCfg = Release|Any CPU
		{C5593FCD-4784-4D8B-B5AF-8E1ADEACD847}.Release|Any CPU.Build.0 = Release|Any CPU
		{870D968E-DEAB-4719-B18B-A1477CDAC196}.Debug|Any CPU.ActiveCfg = Debug|Any CPU
		{870D968E-DEAB-4719-B18B-A1477CDAC196}.Debug|Any CPU.Build.0 = Debug|Any CPU
		{870D968E-DEAB-4719-B18B-A1477CDAC196}.Release|Any CPU.ActiveCfg = Release|Any CPU
		{870D968E-DEAB-4719-B18B-A1477CDAC196}.Release|Any CPU.Build.0 = Release|Any CPU
	EndGlobalSection
	GlobalSection(SolutionProperties) = preSolution
		HideSolutionNode = FALSE
	EndGlobalSection
	GlobalSection(MonoDevelopProperties) = preSolution
		StartupItem = PlasmaShaftCore\PlasmaShaftCore.csproj
	EndGlobalSection
EndGlobal
